
Microsoft Visual Studio Solution File, Format Version 12.00
# Visual Studio Version 17
VisualStudioVersion = 17.6.33829.357
MinimumVisualStudioVersion = 10.0.40219.1
Project("{FAE04EC0-301F-11D3-BF4B-00C04F79EFBC}") = "Yılan_Oyunu", "Yılan_Oyunu.csproj", "{4B9AB197-5C99-41D5-8A57-FA69F56346EB}"
EndProject
Global
	GlobalSection(SolutionConfigurationPlatforms) = preSolution
		Debug|Any CPU = Debug|Any CPU
		Release|Any CPU = Release|Any CPU
	EndGlobalSection
	GlobalSection(ProjectConfigurationPlatforms) = postSolution
		{4B9AB197-5C99-41D5-8A57-FA69F56346EB}.Debug|Any CPU.ActiveCfg = Debug|Any CPU
		{4B9AB197-5C99-41D5-8A57-FA69F56346EB}.Debug|Any CPU.Build.0 = Debug|Any CPU
		{4B9AB197-5C99-41D5-8A57-FA69F56346EB}.Release|Any CPU.ActiveCfg = Release|Any CPU
		{4B9AB197-5C99-41D5-8A57-FA69F56346EB}.Release|Any CPU.Build.0 = Release|Any CPU
	EndGlobalSection
	GlobalSection(SolutionProperties) = preSolution
		HideSolutionNode = FALSE
	EndGlobalSection
	GlobalSection(ExtensibilityGlobals) = postSolution
		SolutionGuid = {34D7ACDD-C8DA-4C3F-980E-30090F7F48F1}
	EndGlobalSection
EndGlobal
